version = 1
revision = 3
requires-python = ">=3.13"

[[package]]
name = "cbor2"
version = "5.7.1"
source = { registry = "https://pypi.org/simple" }
sdist = { url = "https://files.pythonhosted.org/packages/a2/b8/c0f6a7d46f816cb18b1fda61a2fe648abe16039f1ff93ea720a6e9fb3cee/cbor2-5.7.1.tar.gz", hash = "sha256:7a405a1d7c8230ee9acf240aad48ae947ef584e8af05f169f3c1bde8f01f8b71", size = 102467, upload-time = "2025-10-24T09:23:06.569Z" }
wheels = [
    { url = "https://files.pythonhosted.org/packages/16/b1/51fb868fe38d893c570bb90b38d365ff0f00421402c1ae8f63b31b25d665/cbor2-5.7.1-cp313-cp313-macosx_10_13_x86_64.whl", hash = "sha256:59d5da59fffe89692d5bd1530eef4d26e4eb7aa794aaa1f4e192614786409009", size = 69068, upload-time = "2025-10-24T09:22:34.464Z" },
    { url = "https://files.pythonhosted.org/packages/b9/db/5abc62ec456f552f617aac3359a5d7114b23be9c4d886169592cd5f074b9/cbor2-5.7.1-cp313-cp313-macosx_11_0_arm64.whl", hash = "sha256:533117918d518e01348f8cd0331271c207e7224b9a1ed492a0ff00847f28edc8", size = 68927, upload-time = "2025-10-24T09:22:35.458Z" },
    { url = "https://files.pythonhosted.org/packages/9a/c2/58d787395c99874d2a2395b3a22c9d48a3cfc5a7dcd5817bf74764998b75/cbor2-5.7.1-cp313-cp313-manylinux2014_aarch64.manylinux_2_17_aarch64.manylinux_2_28_aarch64.whl", hash = "sha256:8d6d9436ff3c3323ea5863ecf7ae1139590991685b44b9eb6b7bb1734a594af6", size = 285185, upload-time = "2025-10-24T09:22:36.867Z" },
    { url = "https://files.pythonhosted.org/packages/d0/9c/b680b264a8f4b9aa59c95e166c816275a13138cbee92dd2917f58bca47b9/cbor2-5.7.1-cp313-cp313-manylinux2014_x86_64.manylinux_2_17_x86_64.manylinux_2_28_x86_64.whl", hash = "sha256:661b871ca754a619fcd98c13a38b4696b2b57dab8b24235c00b0ba322c040d24", size = 284440, upload-time = "2025-10-24T09:22:38.08Z" },
    { url = "https://files.pythonhosted.org/packages/1f/59/68183c655d6226d0eee10027f52516882837802a8d5746317a88362ed686/cbor2-5.7.1-cp313-cp313-musllinux_1_2_aarch64.whl", hash = "sha256:d8065aa90d715fd9bb28727b2d774ee16e695a0e1627ae76e54bf19f9d99d63f", size = 276876, upload-time = "2025-10-24T09:22:39.561Z" },
    { url = "https://files.pythonhosted.org/packages/ee/a2/1964e0a569d2b81e8f4862753fee7701ae5773c22e45492a26f92f62e75a/cbor2-5.7.1-cp313-cp313-musllinux_1_2_x86_64.whl", hash = "sha256:cb1b7047d73590cfe8e373e2c804fa99be47e55b1b6186602d0f86f384cecec1", size = 278216, upload-time = "2025-10-24T09:22:41.132Z" },
    { url = "https://files.pythonhosted.org/packages/00/78/9b566d68cb88bb1ecebe354765625161c9d6060a16e55008006d6359f776/cbor2-5.7.1-cp313-cp313-win_amd64.whl", hash = "sha256:31d511df7ebd6624fdb4cecdafb4ffb9a205f9ff8c8d98edd1bef0d27f944d74", size = 68451, upload-time = "2025-10-24T09:22:42.227Z" },
    { url = "https://files.pythonhosted.org/packages/db/85/7a6a922d147d027fd5d8fd5224b39e8eaf152a42e8cf16351458096d3d62/cbor2-5.7.1-cp313-cp313-win_arm64.whl", hash = "sha256:f5d37f7b0f84394d2995bd8722cb01c86a885c4821a864a34b7b4d9950c5e26e", size = 64111, upload-time = "2025-10-24T09:22:43.213Z" },
    { url = "https://files.pythonhosted.org/packages/5f/f0/f220222a57371e33434ba7bdc25de31d611cbc0ade2a868e03c3553305e7/cbor2-5.7.1-cp314-cp314-macosx_10_13_x86_64.whl", hash = "sha256:e5826e4fa4c33661960073f99cf67c82783895524fb66f3ebdd635c19b5a7d68", size = 69002, upload-time = "2025-10-24T09:22:44.316Z" },
    { url = "https://files.pythonhosted.org/packages/c7/3c/34b62ba5173541659f248f005d13373530f02fb997b78fde00bf01ede4f4/cbor2-5.7.1-cp314-cp314-macosx_11_0_arm64.whl", hash = "sha256:f19a00d6ac9a77cb611073250b06bf4494b41ba78a1716704f7008e0927d9366", size = 69177, upload-time = "2025-10-24T09:22:45.711Z" },
    { url = "https://files.pythonhosted.org/packages/77/fd/2400d820d9733df00a5c18aa74201e51d710fb91588687eb594f4a7688ea/cbor2-5.7.1-cp314-cp314-manylinux2014_aarch64.manylinux_2_17_aarch64.manylinux_2_28_aarch64.whl", hash = "sha256:d2113aea044cd172f199da3520bc4401af69eae96c5180ca7eb660941928cb89", size = 284259, upload-time = "2025-10-24T09:22:46.749Z" },
    { url = "https://files.pythonhosted.org/packages/42/65/280488ef196c1d71ba123cd406ea47727bb3a0e057767a733d9793fcc428/cbor2-5.7.1-cp314-cp314-manylinux2014_x86_64.manylinux_2_17_x86_64.manylinux_2_28_x86_64.whl", hash = "sha256:6f17eacea2d28fecf28ac413c1d7927cde0a11957487d2630655d6b5c9c46a0b", size = 281958, upload-time = "2025-10-24T09:22:48.876Z" },
    { url = "https://files.pythonhosted.org/packages/42/82/bcdd3fdc73bd5f4194fdb08c808112010add9530bae1dcfdb1e2b2ceae19/cbor2-5.7.1-cp314-cp314-musllinux_1_2_aarch64.whl", hash = "sha256:d65deea39cae533a629561e7da672402c46731122b6129ed7c8eaa1efe04efce", size = 276025, upload-time = "2025-10-24T09:22:50.147Z" },
    { url = "https://files.pythonhosted.org/packages/ae/a8/a6065dd6a157b877d7d8f3fe96f410fb191a2db1e6588f4d20b5f9a507c2/cbor2-5.7.1-cp314-cp314-musllinux_1_2_x86_64.whl", hash = "sha256:57d8cc29ec1fd20500748e0e767ff88c13afcee839081ba4478c41fcda6ee18b", size = 275978, upload-time = "2025-10-24T09:22:51.873Z" },
    { url = "https://files.pythonhosted.org/packages/62/f4/37934045174af9e4253a340b43f07197af54002070cb80fae82d878f1f14/cbor2-5.7.1-cp314-cp314-win_amd64.whl", hash = "sha256:94fb939d0946f80c49ba45105ca3a3e13e598fc9abd63efc6661b02d4b4d2c50", size = 70269, upload-time = "2025-10-24T09:22:53.275Z" },
    { url = "https://files.pythonhosted.org/packages/0b/fd/933416643e7f5540ae818691fb23fa4189010c6efa39a12c4f59d825da28/cbor2-5.7.1-cp314-cp314-win_arm64.whl", hash = "sha256:4fd7225ac820bbb9f03bd16bc1a7efb6c4d1c451f22c0a153ff4ec46495c59c5", size = 66182, upload-time = "2025-10-24T09:22:54.697Z" },
    { url = "https://files.pythonhosted.org/packages/d5/7d/383bafeabb54c17fe5b6d5aca4e863e6b7df10bcc833b34aa169e9dfce1a/cbor2-5.7.1-py3-none-any.whl", hash = "sha256:68834e4eff2f56629ce6422b0634bc3f74c5a4269de5363f5265fe452c706ba7", size = 23829, upload-time = "2025-10-24T09:23:05.54Z" },
]

[[package]]
name = "cobs"
version = "1.2.2"
source = { registry = "https://pypi.org/simple" }
sdist = { url = "https://files.pythonhosted.org/packages/34/ef/ea149311227a4fc3160cc885fce06da7c7d76782a308ef070b8065c69953/cobs-1.2.2.tar.gz", hash = "sha256:dbdd5e32111d72786f83d0c269215dcd6ac629b1ac1962c6878221f3b2ca98da", size = 14582, upload-time = "2025-07-20T01:08:35.434Z" }
wheels = [
    { url = "https://files.pythonhosted.org/packages/b4/df/7f07559954d53d09680aa4f5c72db999e7643253e2ca4e431023fe5c1c40/cobs-1.2.2-cp313-cp313-win32.whl", hash = "sha256:a8fdf6ca70247e7271caea6f2f6f9c0343f5e872e2fd47e21f71831fa9ababa8", size = 26401, upload-time = "2025-07-20T01:08:32.508Z" },
    { url = "https://files.pythonhosted.org/packages/0c/00/5b063105ff567bb7fb72c3cd3e96116a3889381fa2c0e7747497391dbecc/cobs-1.2.2-cp313-cp313-win_amd64.whl", hash = "sha256:fe3f7194d5fbbc02e8fb03d26ad626a33fa0d420b50d66ed60ac4bf516322d8e", size = 27774, upload-time = "2025-07-20T01:08:33.692Z" },
]

[[package]]
name = "comms-ccf"
version = "0.1.0"
source = { editable = "." }
dependencies = [
    { name = "cbor2" },
    { name = "cobs" },
    { name = "cxxfilt" },
    { name = "fnv-hash-fast" },
    { name = "intervaltree" },
    { name = "pyelftools" },
    { name = "pyserial-asyncio" },
    { name = "squarify" },
]

[package.metadata]
requires-dist = [
    { name = "cbor2" },
    { name = "cobs" },
    { name = "cxxfilt" },
    { name = "fnv-hash-fast" },
    { name = "intervaltree" },
    { name = "pyelftools" },
    { name = "pyserial-asyncio" },
    { name = "squarify" },
]

[[package]]
name = "cxxfilt"
version = "0.3.0"
source = { registry = "https://pypi.org/simple" }
sdist = { url = "https://files.pythonhosted.org/packages/d7/dc/71ac606f7dfa71d49e3dc126b49b18daefaf6bd953078858af30fde40702/cxxfilt-0.3.0.tar.gz", hash = "sha256:7df6464ba5e8efbf0d8974c0b2c78b32546676f06059a83515dbdfa559b34214", size = 4806, upload-time = "2021-08-21T16:48:04.038Z" }
wheels = [
    { url = "https://files.pythonhosted.org/packages/1c/29/23572dc59bf4a3984fe3c5fc242f73be916785ee93387dd95c972dbf584e/cxxfilt-0.3.0-py2.py3-none-any.whl", hash = "sha256:774e85a8d0157775ed43276d89397d924b104135762d86b3a95f81f203094e07", size = 4649, upload-time = "2021-08-21T16:48:02.953Z" },
]

[[package]]
name = "fnv-hash-fast"
version = "1.6.0"
source = { registry = "https://pypi.org/simple" }
dependencies = [
    { name = "fnvhash" },
]
sdist = { url = "https://files.pythonhosted.org/packages/b9/19/10f4e1b4bbfe7cf162d20bb4d54bd62935d652e2ea107ddb0b5a6c4e8b75/fnv_hash_fast-1.6.0.tar.gz", hash = "sha256:a09feefad2c827192dc4306826df3ffb7c6288f25ab7976d4588fdae9cbb7661", size = 5675, upload-time = "2025-10-04T19:35:00.172Z" }
wheels = [
    { url = "https://files.pythonhosted.org/packages/c6/a9/c73abc05dd01434442dbd38a2e50166e9ba59f8db41cdf82649410c37d12/fnv_hash_fast-1.6.0-cp313-cp313-macosx_10_13_x86_64.whl", hash = "sha256:d34e4f2acc41aacd97877d396948b38efc7197a2dd91c15e818c049c4d48b0a0", size = 13350, upload-time = "2025-10-04T19:45:20.184Z" },
    { url = "https://files.pythonhosted.org/packages/75/f8/a79d5a29dcf3b0e41635056ee37fff9e2bc46e3625d44b163a4ac2b9160c/fnv_hash_fast-1.6.0-cp313-cp313-macosx_11_0_arm64.whl", hash = "sha256:b1a1fe55163d38052ec90aaf16f190bb807342aa09f9680185b9772ce0407b62", size = 13864, upload-time = "2025-10-04T19:45:21.174Z" },
    { url = "https://files.pythonhosted.org/packages/c1/41/fabca5bf0c5b36405517908974e93f1832780d692271295efaf8dba40afc/fnv_hash_fast-1.6.0-cp313-cp313-manylinux1_x86_64.manylinux_2_28_x86_64.manylinux_2_5_x86_64.whl", hash = "sha256:9d7c3a18e7aa483d18ff569554b07b5238403775f8e401245ab8b3c27bcb34cf", size = 15206, upload-time = "2025-10-04T19:45:22.242Z" },
    { url = "https://files.pythonhosted.org/packages/04/7f/1c5c4e451c0213b44235b39737cecf3e58f4195332b173f45e2c95a9b0d8/fnv_hash_fast-1.6.0-cp313-cp313-manylinux2014_aarch64.manylinux_2_17_aarch64.manylinux_2_28_aarch64.whl", hash = "sha256:fd8fdeee59431cc03afdb8a04c3c46b452dc2ded85973953b7077715e897a85b", size = 16301, upload-time = "2025-10-04T19:45:23.188Z" },
    { url = "https://files.pythonhosted.org/packages/4b/7c/095bb6f7ed9bbb85d7451312388fd61dfcde194aad5a2e3902e8fd908a78/fnv_hash_fast-1.6.0-cp313-cp313-manylinux2014_armv7l.manylinux_2_17_armv7l.manylinux_2_31_armv7l.whl", hash = "sha256:6d8284c7ad0339def03252905f3456195ec9d77d8329225e5b09b226e3eb79ec", size = 14175, upload-time = "2025-10-04T19:45:24.397Z" },
    { url = "https://files.pythonhosted.org/packages/73/52/ced7073eaee3479b4e09fed73c1db5a51a9bc72f7546324126b76b4c2f9b/fnv_hash_fast-1.6.0-cp313-cp313-manylinux_2_36_x86_64.whl", hash = "sha256:03642803cc4567dada952d7b1490d6eedd97cd960a83ebbb4a4b7c545629f33f", size = 14581, upload-time = "2025-10-04T19:34:59.064Z" },
    { url = "https://files.pythonhosted.org/packages/3f/a3/877d7f9bce7efccb70607307b25abec35f1206f5dcb3b5a898ad67d61dbf/fnv_hash_fast-1.6.0-cp313-cp313-musllinux_1_2_aarch64.whl", hash = "sha256:3a540bae99086d3942a2976c16480916cb86d9f06a632023176fe4fa56d298b5", size = 16214, upload-time = "2025-10-04T19:45:25.669Z" },
    { url = "https://files.pythonhosted.org/packages/0a/e5/f26eb6e262a8d2329aad6d618b102c238009a11e00d6c5914cb510d1d968/fnv_hash_fast-1.6.0-cp313-cp313-musllinux_1_2_armv7l.whl", hash = "sha256:9d6a447404ddfc0035a52de80747c36dce8ba0cc24c27610ca4be9c0ba46d783", size = 14649, upload-time = "2025-10-04T19:45:26.568Z" },
    { url = "https://files.pythonhosted.org/packages/0a/23/6791aa693e9400d00ef56be40586bc9de7b826756f0156a3f4e5b3b6d40b/fnv_hash_fast-1.6.0-cp313-cp313-musllinux_1_2_x86_64.whl", hash = "sha256:d016ee85cd9faccb2f958e5017eb60c8c6410b1700f85052f5dbf2b34084c7ef", size = 15554, upload-time = "2025-10-04T19:45:27.484Z" },
    { url = "https://files.pythonhosted.org/packages/be/4e/65ce211d9cb8333fddba5b38a18014b2928b4b7a5678d8501cb764a89285/fnv_hash_fast-1.6.0-cp313-cp313-win32.whl", hash = "sha256:9a3751dc38c33b0be4fc4a5a5947ab6d9acbdb1017dfeff55ab3d1fa3ed6c03e", size = 15103, upload-time = "2025-10-04T19:45:28.391Z" },
    { url = "https://files.pythonhosted.org/packages/dd/d8/8ff48a6beec92576d9fbae2b9b69db61503f062fb3bff4921495323a6847/fnv_hash_fast-1.6.0-cp313-cp313-win_amd64.whl", hash = "sha256:1e8fb4c1cd62bc8d559dabeaf69fb25ba647232d980ffdb8e5f679d4aef8d03a", size = 15956, upload-time = "2025-10-04T19:45:29.418Z" },
    { url = "https://files.pythonhosted.org/packages/ef/17/9c724ac795f53578dd6be61d6a0466c4cd51550485b301764ddfc6ed5ad1/fnv_hash_fast-1.6.0-cp314-cp314-macosx_10_13_x86_64.whl", hash = "sha256:07bb79eaa44f91db2aab3b641194f68dc4ddd15701756f687c1a7a294bfa9c06", size = 13296, upload-time = "2025-10-04T19:45:31.164Z" },
    { url = "https://files.pythonhosted.org/packages/0c/11/a2eb0a7fbfb5d5cb5d27df7f6d4e395ce2f328da16d32702909af00ffe82/fnv_hash_fast-1.6.0-cp314-cp314-macosx_11_0_arm64.whl", hash = "sha256:4176315430f9fcf5346a0339b0f55982e1715452345d70c2887755bfd5aa2b64", size = 13879, upload-time = "2025-10-04T19:45:32.063Z" },
    { url = "https://files.pythonhosted.org/packages/0e/85/3a297faae2416916f7a5cb858b08b500296bbc7d7136faf2cfbadde61e33/fnv_hash_fast-1.6.0-cp314-cp314-manylinux1_x86_64.manylinux_2_28_x86_64.manylinux_2_5_x86_64.whl", hash = "sha256:c31db9d944c91d286475870855b9203f4fb4794cb0674de5458e9d1231e07f37", size = 15222, upload-time = "2025-10-04T19:45:33.334Z" },
    { url = "https://files.pythonhosted.org/packages/e4/27/9c81426e4a22d15dc9c1a73536c6a7e2aeb8a71ac0b398d841ebd287e8e5/fnv_hash_fast-1.6.0-cp314-cp314-manylinux2014_aarch64.manylinux_2_17_aarch64.manylinux_2_28_aarch64.whl", hash = "sha256:6fc1bbec5871060c6efa6a444a554496f372f1f4a7e83b99989be5ea6b97435f", size = 16379, upload-time = "2025-10-04T19:45:34.33Z" },
    { url = "https://files.pythonhosted.org/packages/37/60/7f1454ebc9dee224d6ee5360111e3855802ce79f48f1808117998771ffaa/fnv_hash_fast-1.6.0-cp314-cp314-musllinux_1_2_aarch64.whl", hash = "sha256:91ed6df63ab2082b5b48a6b8f5d7eb7b51d39c2eeffd64821301bf6d9662ff11", size = 16252, upload-time = "2025-10-04T19:45:35.243Z" },
    { url = "https://files.pythonhosted.org/packages/fe/5c/cedd70c2e09ba09f5834c7e50f8fed4a37bba38c0c2471849bb4dac91148/fnv_hash_fast-1.6.0-cp314-cp314-musllinux_1_2_x86_64.whl", hash = "sha256:6d34541e15bbc3877da7541f059fb1eadf53031abe7fc4318b28421e02eff383", size = 15570, upload-time = "2025-10-04T19:45:36.516Z" },
    { url = "https://files.pythonhosted.org/packages/f3/47/9c68ad33e254af9809bbd504b9895a93cb67472fc39bcd656f02c2703637/fnv_hash_fast-1.6.0-cp314-cp314-win32.whl", hash = "sha256:74320b9033c13e851174edf959c167619907eb985176e795d17d7fbe29cf3a45", size = 15484, upload-time = "2025-10-04T19:45:37.392Z" },
    { url = "https://files.pythonhosted.org/packages/e1/3a/8ead2c631323c8a755c8437641e832ba2eaf27bf2577535cf40d57b62def/fnv_hash_fast-1.6.0-cp314-cp314-win_amd64.whl", hash = "sha256:540670ff837824939d2af90dd89cddbd02d238d778999a403cdb4a4de8c65a73", size = 16345, upload-time = "2025-10-04T19:45:38.345Z" },
    { url = "https://files.pythonhosted.org/packages/da/7a/b5bd2b9a06269098af059e79e05ceff320a405b1c49b9f3d29708324179b/fnv_hash_fast-1.6.0-cp314-cp314t-macosx_10_13_x86_64.whl", hash = "sha256:83aa2d791193e3b3f4132741c4dc09eed4f7df8000d76ad77fb9d24db8e59a88", size = 21338, upload-time = "2025-10-04T19:45:39.274Z" },
    { url = "https://files.pythonhosted.org/packages/21/07/1688d543a7688529857cd43bcff3ac324c69fd2923a9b40a1adc120cef20/fnv_hash_fast-1.6.0-cp314-cp314t-macosx_11_0_arm64.whl", hash = "sha256:b8d33f002bb336f9f0949a32d7da07cc9d340a9d07e4f16cc9ece982842eb4e0", size = 22455, upload-time = "2025-10-04T19:45:40.265Z" },
    { url = "https://files.pythonhosted.org/packages/37/f7/588f43d8dd122fc884c3556f993a3e3db953afecc62fa812d439f69ec067/fnv_hash_fast-1.6.0-cp314-cp314t-manylinux1_x86_64.manylinux_2_28_x86_64.manylinux_2_5_x86_64.whl", hash = "sha256:0042af2a1cb7ffae412ec3cb6ae8c581a73610fd523f7e17ed58a5359505ffec", size = 25053, upload-time = "2025-10-04T19:45:41.74Z" },
    { url = "https://files.pythonhosted.org/packages/e4/28/6209457f59e0ff43b066ca8cbfeb800bc0af478e221e74beadaf0b58effa/fnv_hash_fast-1.6.0-cp314-cp314t-manylinux2014_aarch64.manylinux_2_17_aarch64.manylinux_2_28_aarch64.whl", hash = "sha256:73308e11c0e5a2dba433fc5645672de4756a52b323de1dab20e45d4fe5e83994", size = 27875, upload-time = "2025-10-04T19:45:43.007Z" },
    { url = "https://files.pythonhosted.org/packages/4a/6e/c4796f6b1ee6cb778620663d00eadb970a8271fb537ce75774d5acfeecdb/fnv_hash_fast-1.6.0-cp314-cp314t-musllinux_1_2_aarch64.whl", hash = "sha256:96282ecb75bec190af0111e82ddd38afc98e9cb867a1689e873ab6802af951b7", size = 27443, upload-time = "2025-10-04T19:45:44.274Z" },
    { url = "https://files.pythonhosted.org/packages/9c/5b/846b8f977dda4f0e7f1ec4ffff6707b9e666dabb9eb203c4c2bfc4b0b6fe/fnv_hash_fast-1.6.0-cp314-cp314t-musllinux_1_2_x86_64.whl", hash = "sha256:cae16753c1d85ed358df13824bd8a474bfa9da34daddc1a90c72b25ff4177f51", size = 25765, upload-time = "2025-10-04T19:45:45.565Z" },
    { url = "https://files.pythonhosted.org/packages/2f/98/1371f0a765a3160a4c864de1b6d5ea696ba3ca822e3cea74357e15aca85d/fnv_hash_fast-1.6.0-cp314-cp314t-win32.whl", hash = "sha256:e2efb5953475a5a0529ca9757d6782c5174a3b8a3fbdc4e1c1273ac1d293316b", size = 26343, upload-time = "2025-10-04T19:45:46.566Z" },
    { url = "https://files.pythonhosted.org/packages/a5/55/99586ce163eeead7373db6dc3aa01998c42211ad11bbd7f6d21824fc5c80/fnv_hash_fast-1.6.0-cp314-cp314t-win_amd64.whl", hash = "sha256:a6eb03cd17c134d412fed9f05dc6f9ff9a8aa3b8e69c0135603a521e77720c93", size = 28057, upload-time = "2025-10-04T19:45:48.033Z" },
]

[[package]]
name = "fnvhash"
version = "0.2.1"
source = { registry = "https://pypi.org/simple" }
sdist = { url = "https://files.pythonhosted.org/packages/4e/43/30d2dd2b14621b2004f658ba5335e5a6f5a9c1338ed37678d7fd247b7a9c/fnvhash-0.2.1.tar.gz", hash = "sha256:0c7e885f44c8f06de07f442befebc590ee9ca0cc88846681f608496284ce9cd5", size = 19057, upload-time = "2025-05-05T16:59:10.819Z" }
wheels = [
    { url = "https://files.pythonhosted.org/packages/b9/92/7c8abc21a1de7159013c0b0bd2ecf06530959bb14fd5c3bf0045e788c6d9/fnvhash-0.2.1-py3-none-any.whl", hash = "sha256:00fab14bec841e4cb29b4fd2ed9358f8bf9f4600d9d8149cde27a191193a33e8", size = 18115, upload-time = "2025-05-05T16:59:09.269Z" },
]

[[package]]
name = "intervaltree"
version = "3.1.0"
source = { registry = "https://pypi.org/simple" }
dependencies = [
    { name = "sortedcontainers" },
]
sdist = { url = "https://files.pythonhosted.org/packages/50/fb/396d568039d21344639db96d940d40eb62befe704ef849b27949ded5c3bb/intervaltree-3.1.0.tar.gz", hash = "sha256:902b1b88936918f9b2a19e0e5eb7ccb430ae45cde4f39ea4b36932920d33952d", size = 32861, upload-time = "2020-08-03T08:01:11.392Z" }

[[package]]
name = "pyelftools"
version = "0.32"
source = { registry = "https://pypi.org/simple" }
sdist = { url = "https://files.pythonhosted.org/packages/b9/ab/33968940b2deb3d92f5b146bc6d4009a5f95d1d06c148ea2f9ee965071af/pyelftools-0.32.tar.gz", hash = "sha256:6de90ee7b8263e740c8715a925382d4099b354f29ac48ea40d840cf7aa14ace5", size = 15047199, upload-time = "2025-02-19T14:20:05.549Z" }
wheels = [
    { url = "https://files.pythonhosted.org/packages/af/43/700932c4f0638c3421177144a2e86448c0d75dbaee2c7936bda3f9fd0878/pyelftools-0.32-py3-none-any.whl", hash = "sha256:013df952a006db5e138b1edf6d8a68ecc50630adbd0d83a2d41e7f846163d738", size = 188525, upload-time = "2025-02-19T14:19:59.919Z" },
]

[[package]]
name = "pyserial"
version = "3.5"
source = { registry = "https://pypi.org/simple" }
sdist = { url = "https://files.pythonhosted.org/packages/1e/7d/ae3f0a63f41e4d2f6cb66a5b57197850f919f59e558159a4dd3a818f5082/pyserial-3.5.tar.gz", hash = "sha256:3c77e014170dfffbd816e6ffc205e9842efb10be9f58ec16d3e8675b4925cddb", size = 159125, upload-time = "2020-11-23T03:59:15.045Z" }
wheels = [
    { url = "https://files.pythonhosted.org/packages/07/bc/587a445451b253b285629263eb51c2d8e9bcea4fc97826266d186f96f558/pyserial-3.5-py2.py3-none-any.whl", hash = "sha256:c4451db6ba391ca6ca299fb3ec7bae67a5c55dde170964c7a14ceefec02f2cf0", size = 90585, upload-time = "2020-11-23T03:59:13.41Z" },
]

[[package]]
name = "pyserial-asyncio"
version = "0.6"
source = { registry = "https://pypi.org/simple" }
dependencies = [
    { name = "pyserial" },
]
sdist = { url = "https://files.pythonhosted.org/packages/4a/9a/8477699dcbc1882ea51dcff4d3c25aa3f2063ed8f7d7a849fd8f610506b6/pyserial-asyncio-0.6.tar.gz", hash = "sha256:b6032923e05e9d75ec17a5af9a98429c46d2839adfaf80604d52e0faacd7a32f", size = 31322, upload-time = "2021-09-30T22:29:02.174Z" }
wheels = [
    { url = "https://files.pythonhosted.org/packages/27/24/c820cf15f87f7b164e83710c1852d4f900d9793961579e5ef64189bc0c10/pyserial_asyncio-0.6-py3-none-any.whl", hash = "sha256:de9337922619421b62b9b1a84048634b3ac520e1d690a674ed246a2af7ce1fc5", size = 7594, upload-time = "2021-09-30T22:29:00.12Z" },
]

[[package]]
name = "sortedcontainers"
version = "2.4.0"
source = { registry = "https://pypi.org/simple" }
sdist = { url = "https://files.pythonhosted.org/packages/e8/c4/ba2f8066cceb6f23394729afe52f3bf7adec04bf9ed2c820b39e19299111/sortedcontainers-2.4.0.tar.gz", hash = "sha256:25caa5a06cc30b6b83d11423433f65d1f9d76c4c6a0c90e3379eaa43b9bfdb88", size = 30594, upload-time = "2021-05-16T22:03:42.897Z" }
wheels = [
    { url = "https://files.pythonhosted.org/packages/32/46/9cb0e58b2deb7f82b84065f37f3bffeb12413f947f9388e4cac22c4621ce/sortedcontainers-2.4.0-py2.py3-none-any.whl", hash = "sha256:a163dcaede0f1c021485e957a39245190e74249897e2ae4b2aa38595db237ee0", size = 29575, upload-time = "2021-05-16T22:03:41.177Z" },
]

[[package]]
name = "squarify"
version = "0.4.4"
source = { registry = "https://pypi.org/simple" }
sdist = { url = "https://files.pythonhosted.org/packages/0d/01/1753243870dff9fa786c9712fdc8dffb56f356c46c77d7468cb12f6d8398/squarify-0.4.4.tar.gz", hash = "sha256:b8a110c8dc5f1cd1402ca12d79764a081e90bfc445346cfa166df929753ecb46", size = 5514, upload-time = "2024-07-19T18:57:41.418Z" }
wheels = [
    { url = "https://files.pythonhosted.org/packages/b7/3c/eedbe9fb07cc20fd9a8423da14b03bc270d0570b3ba9174a4497156a2152/squarify-0.4.4-py3-none-any.whl", hash = "sha256:d7597724e29d48aa14fd2f551060d6b09e1f0a67e4cd3ea329fe03b4c9a56f11", size = 4082, upload-time = "2024-07-19T18:57:40.338Z" },
]
